// !$*UTF8*$!
{
	archiveVersion = 1;
	classes = {
	};
	objectVersion = 50;
	objects = {

/* Begin PBXBuildFile section */
		145419DB261FE9BF000F4E09 /* AppDelegate.m in Sources */ = {isa = PBXBuildFile; fileRef = 145419DA261FE9BF000F4E09 /* AppDelegate.m */; };
		145419DE261FE9BF000F4E09 /* SceneDelegate.m in Sources */ = {isa = PBXBuildFile; fileRef = 145419DD261FE9BF000F4E09 /* SceneDelegate.m */; };
		145419E1261FE9BF000F4E09 /* ViewController.m in Sources */ = {isa = PBXBuildFile; fileRef = 145419E0261FE9BF000F4E09 /* ViewController.m */; };
		145419E4261FE9BF000F4E09 /* Main.storyboard in Resources */ = {isa = PBXBuildFile; fileRef = 145419E2261FE9BF000F4E09 /* Main.storyboard */; };
		145419E6261FE9C0000F4E09 /* Assets.xcassets in Resources */ = {isa = PBXBuildFile; fileRef = 145419E5261FE9C0000F4E09 /* Assets.xcassets */; };
		145419E9261FE9C0000F4E09 /* LaunchScreen.storyboard in Resources */ = {isa = PBXBuildFile; fileRef = 145419E7261FE9C0000F4E09 /* LaunchScreen.storyboard */; };
		145419EC261FE9C0000F4E09 /* main.m in Sources */ = {isa = PBXBuildFile; fileRef = 145419EB261FE9C0000F4E09 /* main.m */; };
/* End PBXBuildFile section */

/* Begin PBXFileReference section */
		145419D6261FE9BF000F4E09 /* RememberObjC.app */ = {isa = PBXFileReference; explicitFileType = wrapper.application; includeInIndex = 0; path = RememberObjC.app; sourceTree = BUILT_PRODUCTS_DIR; };
		145419D9261FE9BF000F4E09 /* AppDelegate.h */ = {isa = PBXFileReference; lastKnownFileType = sourcecode.c.h; path = AppDelegate.h; sourceTree = "<group>"; };
		145419DA261FE9BF000F4E09 /* AppDelegate.m */ = {isa = PBXFileReference; lastKnownFileType = sourcecode.c.objc; path = AppDelegate.m; sourceTree = "<group>"; };
		145419DC261FE9BF000F4E09 /* SceneDelegate.h */ = {isa = PBXFileReference; lastKnownFileType = sourcecode.c.h; path = SceneDelegate.h; sourceTree = "<group>"; };
		145419DD261FE9BF000F4E09 /* SceneDelegate.m */ = {isa = PBXFileReference; lastKnownFileType = sourcecode.c.objc; path = SceneDelegate.m; sourceTree = "<group>"; };
		145419DF261FE9BF000F4E09 /* ViewController.h */ = {isa = PBXFileReference; lastKnownFileType = sourcecode.c.h; path = ViewController.h; sourceTree = "<group>"; };
		145419E0261FE9BF000F4E09 /* ViewController.m */ = {isa = PBXFileReference; lastKnownFileType = sourcecode.c.objc; path = ViewController.m; sourceTree = "<group>"; };
		145419E3261FE9BF000F4E09 /* Base */ = {isa = PBXFileReference; lastKnownFileType = file.storyboard; name = Base; path = Base.lproj/Main.storyboard; sourceTree = "<group>"; };
		145419E5261FE9C0000F4E09 /* Assets.xcassets */ = {isa = PBXFileReference; lastKnownFileType = folder.assetcatalog; path = Assets.xcassets; sourceTree = "<group>"; };
		145419E8261FE9C0000F4E09 /* Base */ = {isa = PBXFileReference; lastKnownFileType = file.storyboard; name = Base; path = Base.lproj/LaunchScreen.storyboard; sourceTree = "<group>"; };
		145419EA261FE9C0000F4E09 /* Info.plist */ = {isa = PBXFileReference; lastKnownFileType = text.plist.xml; path = Info.plist; sourceTree = "<group>"; };
		145419EB261FE9C0000F4E09 /* main.m */ = {isa = PBXFileReference; lastKnownFileType = sourcecode.c.objc; path = main.m; sourceTree = "<group>"; };
/* End PBXFileReference section */

/* Begin PBXFrameworksBuildPhase section */
		145419D3261FE9BF000F4E09 /* Frameworks */ = {
			isa = PBXFrameworksBuildPhase;
			buildActionMask = 2147483647;
			files = (
			);
			runOnlyForDeploymentPostprocessing = 0;
		};
/* End PBXFrameworksBuildPhase section */

/* Begin PBXGroup section */
		145419CD261FE9BF000F4E09 = {
			isa = PBXGroup;
			children = (
				145419D8261FE9BF000F4E09 /* RememberObjC */,
				145419D7261FE9BF000F4E09 /* Products */,
			);
			sourceTree = "<group>";
		};
		145419D7261FE9BF000F4E09 /* Products */ = {
			isa = PBXGroup;
			children = (
				145419D6261FE9BF000F4E09 /* RememberObjC.app */,
			);
			name = Products;
			sourceTree = "<group>";
		};
		145419D8261FE9BF000F4E09 /* RememberObjC */ = {
			isa = PBXGroup;
			children = (
				145419D9261FE9BF000F4E09 /* AppDelegate.h */,
				145419DA261FE9BF000F4E09 /* AppDelegate.m */,
				145419DC261FE9BF000F4E09 /* SceneDelegate.h */,
				145419DD261FE9BF000F4E09 /* SceneDelegate.m */,
				145419DF261FE9BF000F4E09 /* ViewController.h */,
				145419E0261FE9BF000F4E09 /* ViewController.m */,
				145419E2261FE9BF000F4E09 /* Main.storyboard */,
				145419E5261FE9C0000F4E09 /* Assets.xcassets */,
				145419E7261FE9C0000F4E09 /* LaunchScreen.storyboard */,
				145419EA261FE9C0000F4E09 /* Info.plist */,
				145419EB261FE9C0000F4E09 /* main.m */,
			);
			path = RememberObjC;
			sourceTree = "<group>";
		};
/* End PBXGroup section */

/* Begin PBXNativeTarget section */
		145419D5261FE9BF000F4E09 /* RememberObjC */ = {
			isa = PBXNativeTarget;
			buildConfigurationList = 145419EF261FE9C0000F4E09 /* Build configuration list for PBXNativeTarget "RememberObjC" */;
			buildPhases = (
				145419D2261FE9BF000F4E09 /* Sources */,
				145419D3261FE9BF000F4E09 /* Frameworks */,
				145419D4261FE9BF000F4E09 /* Resources */,
			);
			buildRules = (
			);
			dependencies = (
			);
			name = RememberObjC;
			productName = RememberObjC;
			productReference = 145419D6261FE9BF000F4E09 /* RememberObjC.app */;
			productType = "com.apple.product-type.application";
		};
/* End PBXNativeTarget section */

/* Begin PBXProject section */
		145419CE261FE9BF000F4E09 /* Project object */ = {
			isa = PBXProject;
			attributes = {
				LastUpgradeCheck = 1240;
				TargetAttributes = {
					145419D5261FE9BF000F4E09 = {
						CreatedOnToolsVersion = 12.4;
					};
				};
			};
			buildConfigurationList = 145419D1261FE9BF000F4E09 /* Build configuration list for PBXProject "RememberObjC" */;
			compatibilityVersion = "Xcode 9.3";
			developmentRegion = en;
			hasScannedForEncodings = 0;
			knownRegions = (
				en,
				Base,
			);
			mainGroup = 145419CD261FE9BF000F4E09;
			productRefGroup = 145419D7261FE9BF000F4E09 /* Products */;
			projectDirPath = "";
			projectRoot = "";
			targets = (
				145419D5261FE9BF000F4E09 /* RememberObjC */,
			);
		};
/* End PBXProject section */

/* Begin PBXResourcesBuildPhase section */
		145419D4261FE9BF000F4E09 /* Resources */ = {
			isa = PBXResourcesBuildPhase;
			buildActionMask = 2147483647;
			files = (
				145419E9261FE9C0000F4E09 /* LaunchScreen.storyboard in Resources */,
				145419E6261FE9C0000F4E09 /* Assets.xcassets in Resources */,
				145419E4261FE9BF000F4E09 /* Main.storyboard in Resources */,
			);
			runOnlyForDeploymentPostprocessing = 0;
		};
/* End PBXResourcesBuildPhase section */

/* Begin PBXSourcesBuildPhase section */
		145419D2261FE9BF000F4E09 /* Sources */ = {
			isa = PBXSourcesBuildPhase;
			buildActionMask = 2147483647;
			files = (
				145419E1261FE9BF000F4E09 /* ViewController.m in Sources */,
				145419DB261FE9BF000F4E09 /* AppDelegate.m in Sources */,
				145419EC261FE9C0000F4E09 /* main.m in Sources */,
				145419DE261FE9BF000F4E09 /* SceneDelegate.m in Sources */,
			);
			runOnlyForDeploymentPostprocessing = 0;
		};
/* End PBXSourcesBuildPhase section */

/* Begin PBXVariantGroup section */
		145419E2261FE9BF000F4E09 /* Main.storyboard */ = {
			isa = PBXVariantGroup;
			children = (
				145419E3261FE9BF000F4E09 /* Base */,
			);
			name = Main.storyboard;
			sourceTree = "<group>";
		};
		145419E7261FE9C0000F4E09 /* LaunchScreen.storyboard */ = {
			isa = PBXVariantGroup;
			children = (
				145419E8261FE9C0000F4E09 /* Base */,
			);
			name = LaunchScreen.storyboard;
			sourceTree = "<group>";
		};
/* End PBXVariantGroup section */

/* Begin XCBuildConfiguration section */
		145419ED261FE9C0000F4E09 /* Debug */ = {
			isa = XCBuildConfiguration;
			buildSettings = {
				ALWAYS_SEARCH_USER_PATHS = NO;
				CLANG_ANALYZER_NONNULL = YES;
				CLANG_ANALYZER_NUMBER_OBJECT_CONVERSION = YES_AGGRESSIVE;
				CLANG_CXX_LANGUAGE_STANDARD = "gnu++14";
				CLANG_CXX_LIBRARY = "libc++";
				CLANG_ENABLE_MODULES = YES;
				CLANG_ENABLE_OBJC_ARC = YES;
				CLANG_ENABLE_OBJC_WEAK = YES;
				CLANG_WARN_BLOCK_CAPTURE_AUTORELEASING = YES;
				CLANG_WARN_BOOL_CONVERSION = YES;
				CLANG_WARN_COMMA = YES;
				CLANG_WARN_CONSTANT_CONVERSION = YES;
				CLANG_WARN_DEPRECATED_OBJC_IMPLEMENTATIONS = YES;
				CLANG_WARN_DIRECT_OBJC_ISA_USAGE = YES_ERROR;
				CLANG_WARN_DOCUMENTATION_COMMENTS = YES;
				CLANG_WARN_EMPTY_BODY = YES;
				CLANG_WARN_ENUM_CONVERSION = YES;
				CLANG_WARN_INFINITE_RECURSION = YES;
				CLANG_WARN_INT_CONVERSION = YES;
				CLANG_WARN_NON_LITERAL_NULL_CONVERSION = YES;
				CLANG_WARN_OBJC_IMPLICIT_RETAIN_SELF = YES;
				CLANG_WARN_OBJC_LITERAL_CONVERSION = YES;
				CLANG_WARN_OBJC_ROOT_CLASS = YES_ERROR;
				CLANG_WARN_QUOTED_INCLUDE_IN_FRAMEWORK_HEADER = YES;
				CLANG_WARN_RANGE_LOOP_ANALYSIS = YES;
				CLANG_WARN_STRICT_PROTOTYPES = YES;
				CLANG_WARN_SUSPICIOUS_MOVE = YES;
				CLANG_WARN_UNGUARDED_AVAILABILITY = YES_AGGRESSIVE;
				CLANG_WARN_UNREACHABLE_CODE = YES;
				CLANG_WARN__DUPLICATE_METHOD_MATCH = YES;
				COPY_PHASE_STRIP = NO;
				DEBUG_INFORMATION_FORMAT = dwarf;
				ENABLE_STRICT_OBJC_MSGSEND = YES;
				ENABLE_TESTABILITY = YES;
				GCC_C_LANGUAGE_STANDARD = gnu11;
				GCC_DYNAMIC_NO_PIC = NO;
				GCC_NO_COMMON_BLOCKS = YES;
				GCC_OPTIMIZATION_LEVEL = 0;
				GCC_PREPROCESSOR_DEFINITIONS = (
					"DEBUG=1",
					"$(inherited)",
				);
				GCC_WARN_64_TO_32_BIT_CONVERSION = YES;
				GCC_WARN_ABOUT_RETURN_TYPE = YES_ERROR;
				GCC_WARN_UNDECLARED_SELECTOR = YES;
				GCC_WARN_UNINITIALIZED_AUTOS = YES_AGGRESSIVE;
				GCC_WARN_UNUSED_FUNCTION = YES;
				GCC_WARN_UNUSED_VARIABLE = YES;
				IPHONEOS_DEPLOYMENT_TARGET = 14.4;
				MTL_ENABLE_DEBUG_INFO = INCLUDE_SOURCE;
				MTL_FAST_MATH = YES;
				ONLY_ACTIVE_ARCH = YES;
				SDKROOT = iphoneos;
			};
			name = Debug;
		};
		145419EE261FE9C0000F4E09 /* Release */ = {
			isa = XCBuildConfiguration;
			buildSettings = {
				ALWAYS_SEARCH_USER_PATHS = NO;
				CLANG_ANALYZER_NONNULL = YES;
				CLANG_ANALYZER_NUMBER_OBJECT_CONVERSION = YES_AGGRESSIVE;
				CLANG_CXX_LANGUAGE_STANDARD = "gnu++14";
				CLANG_CXX_LIBRARY = "libc++";
				CLANG_ENABLE_MODULES = YES;
				CLANG_ENABLE_OBJC_ARC = YES;
				CLANG_ENABLE_OBJC_WEAK = YES;
				CLANG_WARN_BLOCK_CAPTURE_AUTORELEASING = YES;
				CLANG_WARN_BOOL_CONVERSION = YES;
				CLANG_WARN_COMMA = YES;
				CLANG_WARN_CONSTANT_CONVERSION = YES;
				CLANG_WARN_DEPRECATED_OBJC_IMPLEMENTATIONS = YES;
				CLANG_WARN_DIRECT_OBJC_ISA_USAGE = YES_ERROR;
				CLANG_WARN_DOCUMENTATION_COMMENTS = YES;
				CLANG_WARN_EMPTY_BODY = YES;
				CLANG_WARN_ENUM_CONVERSION = YES;
				CLANG_WARN_INFINITE_RECURSION = YES;
				CLANG_WARN_INT_CONVERSION = YES;
				CLANG_WARN_NON_LITERAL_NULL_CONVERSION = YES;
				CLANG_WARN_OBJC_IMPLICIT_RETAIN_SELF = YES;
				CLANG_WARN_OBJC_LITERAL_CONVERSION = YES;
				CLANG_WARN_OBJC_ROOT_CLASS = YES_ERROR;
				CLANG_WARN_QUOTED_INCLUDE_IN_FRAMEWORK_HEADER = YES;
				CLANG_WARN_RANGE_LOOP_ANALYSIS = YES;
				CLANG_WARN_STRICT_PROTOTYPES = YES;
				CLANG_WARN_SUSPICIOUS_MOVE = YES;
				CLANG_WARN_UNGUARDED_AVAILABILITY = YES_AGGRESSIVE;
				CLANG_WARN_UNREACHABLE_CODE = YES;
				CLANG_WARN__DUPLICATE_METHOD_MATCH = YES;
				COPY_PHASE_STRIP = NO;
				DEBUG_INFORMATION_FORMAT = "dwarf-with-dsym";
				ENABLE_NS_ASSERTIONS = NO;
				ENABLE_STRICT_OBJC_MSGSEND = YES;
				GCC_C_LANGUAGE_STANDARD = gnu11;
				GCC_NO_COMMON_BLOCKS = YES;
				GCC_WARN_64_TO_32_BIT_CONVERSION = YES;
				GCC_WARN_ABOUT_RETURN_TYPE = YES_ERROR;
				GCC_WARN_UNDECLARED_SELECTOR = YES;
				GCC_WARN_UNINITIALIZED_AUTOS = YES_AGGRESSIVE;
				GCC_WARN_UNUSED_FUNCTION = YES;
				GCC_WARN_UNUSED_VARIABLE = YES;
				IPHONEOS_DEPLOYMENT_TARGET = 14.4;
				MTL_ENABLE_DEBUG_INFO = NO;
				MTL_FAST_MATH = YES;
				SDKROOT = iphoneos;
				VALIDATE_PRODUCT = YES;
			};
			name = Release;
		};
		145419F0261FE9C0000F4E09 /* Debug */ = {
			isa = XCBuildConfiguration;
			buildSettings = {
				ASSETCATALOG_COMPILER_APPICON_NAME = AppIcon;
				ASSETCATALOG_COMPILER_GLOBAL_ACCENT_COLOR_NAME = AccentColor;
				CODE_SIGN_STYLE = Automatic;
				DEVELOPMENT_TEAM = 2TTKW2WLBZ;
				INFOPLIST_FILE = RememberObjC/Info.plist;
				LD_RUNPATH_SEARCH_PATHS = (
					"$(inherited)",
					"@executable_path/Frameworks",
				);
				PRODUCT_BUNDLE_IDENTIFIER = com.ryansaunders.RememberObjC;
				PRODUCT_NAME = "$(TARGET_NAME)";
				TARGETED_DEVICE_FAMILY = "1,2";
			};
			name = Debug;
		};
		145419F1261FE9C0000F4E09 /* Release */ = {
			isa = XCBuildConfiguration;
			buildSettings = {
				ASSETCATALOG_COMPILER_APPICON_NAME = AppIcon;
				ASSETCATALOG_COMPILER_GLOBAL_ACCENT_COLOR_NAME = AccentColor;
				CODE_SIGN_STYLE = Automatic;
				DEVELOPMENT_TEAM = 2TTKW2WLBZ;
				INFOPLIST_FILE = RememberObjC/Info.plist;
				LD_RUNPATH_SEARCH_PATHS = (
					"$(inherited)",
					"@executable_path/Frameworks",
				);
				PRODUCT_BUNDLE_IDENTIFIER = com.ryansaunders.RememberObjC;
				PRODUCT_NAME = "$(TARGET_NAME)";
				TARGETED_DEVICE_FAMILY = "1,2";
			};
			name = Release;
		};
/* End XCBuildConfiguration section */

/* Begin XCConfigurationList section */
		145419D1261FE9BF000F4E09 /* Build configuration list for PBXProject "RememberObjC" */ = {
			isa = XCConfigurationList;
			buildConfigurations = (
				145419ED261FE9C0000F4E09 /* Debug */,
				145419EE261FE9C0000F4E09 /* Release */,
			);
			defaultConfigurationIsVisible = 0;
			defaultConfigurationName = Release;
		};
		145419EF261FE9C0000F4E09 /* Build configuration list for PBXNativeTarget "RememberObjC" */ = {
			isa = XCConfigurationList;
			buildConfigurations = (
				145419F0261FE9C0000F4E09 /* Debug */,
				145419F1261FE9C0000F4E09 /* Release */,
			);
			defaultConfigurationIsVisible = 0;
			defaultConfigurationName = Release;
		};
/* End XCConfigurationList section */
	};
	rootObject = 145419CE261FE9BF000F4E09 /* Project object */;
}
